
Microsoft Visual Studio Solution File, Format Version 12.00
# Visual Studio Version 16
VisualStudioVersion = 16.0.32407.337
MinimumVisualStudioVersion = 10.0.40219.1
Project("{FAE04EC0-301F-11D3-BF4B-00C04F79EFBC}") = "ConexionSIRE", "ConexionSIRE.csproj", "{D7E43239-796D-41A8-8BA2-1B4EF5A9E821}"
EndProject
Global
	GlobalSection(SolutionConfigurationPlatforms) = preSolution
		Debug|Any CPU = Debug|Any CPU
		Release|Any CPU = Release|Any CPU
	EndGlobalSection
	GlobalSection(ProjectConfigurationPlatforms) = postSolution
		{D7E43239-796D-41A8-8BA2-1B4EF5A9E821}.Debug|Any CPU.ActiveCfg = Debug|Any CPU
		{D7E43239-796D-41A8-8BA2-1B4EF5A9E821}.Debug|Any CPU.Build.0 = Debug|Any CPU
		{D7E43239-796D-41A8-8BA2-1B4EF5A9E821}.Release|Any CPU.ActiveCfg = Release|Any CPU
		{D7E43239-796D-41A8-8BA2-1B4EF5A9E821}.Release|Any CPU.Build.0 = Release|Any CPU
	EndGlobalSection
	GlobalSection(SolutionProperties) = preSolution
		HideSolutionNode = FALSE
	EndGlobalSection
	GlobalSection(ExtensibilityGlobals) = postSolution
		SolutionGuid = {1448E4C8-ECA1-489D-8082-F6CC8A871BC6}
	EndGlobalSection
EndGlobal
